// !$*UTF8*$!
{
	archiveVersion = 1;
	classes = {
	};
	objectVersion = 55;
	objects = {

/* Begin PBXBuildFile section */
		2C6DEC9028C5007600142B15 /* AppLaunchVC.swift in Sources */ = {isa = PBXBuildFile; fileRef = 2C6DEC8F28C5007600142B15 /* AppLaunchVC.swift */; };
		2C6DEC9328C50D6300142B15 /* UIColorExtensions.swift in Sources */ = {isa = PBXBuildFile; fileRef = 2C6DEC9228C50D6300142B15 /* UIColorExtensions.swift */; };
		2C6DEC9528C5116500142B15 /* Colors.swift in Sources */ = {isa = PBXBuildFile; fileRef = 2C6DEC9428C5116500142B15 /* Colors.swift */; };
		2C6DEC9728C5158C00142B15 /* LayoutExtensions.swift in Sources */ = {isa = PBXBuildFile; fileRef = 2C6DEC9628C5158C00142B15 /* LayoutExtensions.swift */; };
		2C6DEC9928C5276F00142B15 /* UINavigationBarExtensions.swift in Sources */ = {isa = PBXBuildFile; fileRef = 2C6DEC9828C5276F00142B15 /* UINavigationBarExtensions.swift */; };
		2CA7B4A128C68996002DB72F /* TabBarController.swift in Sources */ = {isa = PBXBuildFile; fileRef = 2CA7B4A028C68996002DB72F /* TabBarController.swift */; };
		2CAA265F28D2716B0036E23D /* APIKey.swift in Sources */ = {isa = PBXBuildFile; fileRef = 2CAA265E28D2716B0036E23D /* APIKey.swift */; };
		2CADD0C128CFC64500E1493A /* GradientToolbar.swift in Sources */ = {isa = PBXBuildFile; fileRef = 2CADD0C028CFC64500E1493A /* GradientToolbar.swift */; };
		2CAE2C0628C919D80067F1E3 /* ProfileVC.swift in Sources */ = {isa = PBXBuildFile; fileRef = 2CAE2C0528C919D80067F1E3 /* ProfileVC.swift */; };
		2CAE2C0828C91A6B0067F1E3 /* FavoritesVC.swift in Sources */ = {isa = PBXBuildFile; fileRef = 2CAE2C0728C91A6B0067F1E3 /* FavoritesVC.swift */; };
		2CB0232028C4E8A100686BAF /* AppDelegate.swift in Sources */ = {isa = PBXBuildFile; fileRef = 2CB0231F28C4E8A100686BAF /* AppDelegate.swift */; };
		2CB0232228C4E8A100686BAF /* SceneDelegate.swift in Sources */ = {isa = PBXBuildFile; fileRef = 2CB0232128C4E8A100686BAF /* SceneDelegate.swift */; };
		2CB0232428C4E8A100686BAF /* HomeVC.swift in Sources */ = {isa = PBXBuildFile; fileRef = 2CB0232328C4E8A100686BAF /* HomeVC.swift */; };
		2CB0232A28C4E8A100686BAF /* MoMovie.xcdatamodeld in Sources */ = {isa = PBXBuildFile; fileRef = 2CB0232828C4E8A100686BAF /* MoMovie.xcdatamodeld */; };
		2CB0232C28C4E8A800686BAF /* Assets.xcassets in Resources */ = {isa = PBXBuildFile; fileRef = 2CB0232B28C4E8A800686BAF /* Assets.xcassets */; };
		2CB0232F28C4E8A800686BAF /* LaunchScreen.storyboard in Resources */ = {isa = PBXBuildFile; fileRef = 2CB0232D28C4E8A800686BAF /* LaunchScreen.storyboard */; };
/* End PBXBuildFile section */

/* Begin PBXFileReference section */
		2C6DEC8F28C5007600142B15 /* AppLaunchVC.swift */ = {isa = PBXFileReference; lastKnownFileType = sourcecode.swift; path = AppLaunchVC.swift; sourceTree = "<group>"; };
		2C6DEC9228C50D6300142B15 /* UIColorExtensions.swift */ = {isa = PBXFileReference; lastKnownFileType = sourcecode.swift; path = UIColorExtensions.swift; sourceTree = "<group>"; };
		2C6DEC9428C5116500142B15 /* Colors.swift */ = {isa = PBXFileReference; lastKnownFileType = sourcecode.swift; path = Colors.swift; sourceTree = "<group>"; };
		2C6DEC9628C5158C00142B15 /* LayoutExtensions.swift */ = {isa = PBXFileReference; lastKnownFileType = sourcecode.swift; path = LayoutExtensions.swift; sourceTree = "<group>"; };
		2C6DEC9828C5276F00142B15 /* UINavigationBarExtensions.swift */ = {isa = PBXFileReference; lastKnownFileType = sourcecode.swift; path = UINavigationBarExtensions.swift; sourceTree = "<group>"; };
		2CA7B4A028C68996002DB72F /* TabBarController.swift */ = {isa = PBXFileReference; lastKnownFileType = sourcecode.swift; path = TabBarController.swift; sourceTree = "<group>"; };
		2CAA265E28D2716B0036E23D /* APIKey.swift */ = {isa = PBXFileReference; lastKnownFileType = sourcecode.swift; path = APIKey.swift; sourceTree = "<group>"; };
		2CADD0C028CFC64500E1493A /* GradientToolbar.swift */ = {isa = PBXFileReference; lastKnownFileType = sourcecode.swift; path = GradientToolbar.swift; sourceTree = "<group>"; };
		2CAE2C0528C919D80067F1E3 /* ProfileVC.swift */ = {isa = PBXFileReference; lastKnownFileType = sourcecode.swift; path = ProfileVC.swift; sourceTree = "<group>"; };
		2CAE2C0728C91A6B0067F1E3 /* FavoritesVC.swift */ = {isa = PBXFileReference; lastKnownFileType = sourcecode.swift; path = FavoritesVC.swift; sourceTree = "<group>"; };
		2CB0231C28C4E8A100686BAF /* MoMovie.app */ = {isa = PBXFileReference; explicitFileType = wrapper.application; includeInIndex = 0; path = MoMovie.app; sourceTree = BUILT_PRODUCTS_DIR; };
		2CB0231F28C4E8A100686BAF /* AppDelegate.swift */ = {isa = PBXFileReference; lastKnownFileType = sourcecode.swift; path = AppDelegate.swift; sourceTree = "<group>"; };
		2CB0232128C4E8A100686BAF /* SceneDelegate.swift */ = {isa = PBXFileReference; lastKnownFileType = sourcecode.swift; path = SceneDelegate.swift; sourceTree = "<group>"; };
		2CB0232328C4E8A100686BAF /* HomeVC.swift */ = {isa = PBXFileReference; lastKnownFileType = sourcecode.swift; path = HomeVC.swift; sourceTree = "<group>"; };
		2CB0232928C4E8A100686BAF /* MoMovie.xcdatamodel */ = {isa = PBXFileReference; lastKnownFileType = wrapper.xcdatamodel; path = MoMovie.xcdatamodel; sourceTree = "<group>"; };
		2CB0232B28C4E8A800686BAF /* Assets.xcassets */ = {isa = PBXFileReference; lastKnownFileType = folder.assetcatalog; path = Assets.xcassets; sourceTree = "<group>"; };
		2CB0232E28C4E8A800686BAF /* Base */ = {isa = PBXFileReference; lastKnownFileType = file.storyboard; name = Base; path = Base.lproj/LaunchScreen.storyboard; sourceTree = "<group>"; };
		2CB0233028C4E8A800686BAF /* Info.plist */ = {isa = PBXFileReference; lastKnownFileType = text.plist.xml; path = Info.plist; sourceTree = "<group>"; };
/* End PBXFileReference section */

/* Begin PBXFrameworksBuildPhase section */
		2CB0231928C4E8A100686BAF /* Frameworks */ = {
			isa = PBXFrameworksBuildPhase;
			buildActionMask = 2147483647;
			files = (
			);
			runOnlyForDeploymentPostprocessing = 0;
		};
/* End PBXFrameworksBuildPhase section */

/* Begin PBXGroup section */
		2C6DEC8A28C4FFD100142B15 /* Presenter */ = {
			isa = PBXGroup;
			children = (
			);
			path = Presenter;
			sourceTree = "<group>";
		};
		2C6DEC8B28C4FFE200142B15 /* View */ = {
			isa = PBXGroup;
			children = (
				2CB0232328C4E8A100686BAF /* HomeVC.swift */,
			);
			path = View;
			sourceTree = "<group>";
		};
		2C6DEC8C28C4FFF300142B15 /* Model */ = {
			isa = PBXGroup;
			children = (
			);
			path = Model;
			sourceTree = "<group>";
		};
		2C6DEC8D28C5000100142B15 /* Home */ = {
			isa = PBXGroup;
			children = (
				2C6DEC8C28C4FFF300142B15 /* Model */,
				2C6DEC8B28C4FFE200142B15 /* View */,
				2C6DEC8A28C4FFD100142B15 /* Presenter */,
			);
			path = Home;
			sourceTree = "<group>";
		};
		2C6DEC8E28C5004100142B15 /* Launch */ = {
			isa = PBXGroup;
			children = (
				2CB0232D28C4E8A800686BAF /* LaunchScreen.storyboard */,
				2C6DEC8F28C5007600142B15 /* AppLaunchVC.swift */,
			);
			path = Launch;
			sourceTree = "<group>";
		};
		2C6DEC9128C50D3C00142B15 /* Extensions */ = {
			isa = PBXGroup;
			children = (
				2C6DEC9228C50D6300142B15 /* UIColorExtensions.swift */,
				2C6DEC9428C5116500142B15 /* Colors.swift */,
				2C6DEC9628C5158C00142B15 /* LayoutExtensions.swift */,
				2C6DEC9828C5276F00142B15 /* UINavigationBarExtensions.swift */,
			);
			path = Extensions;
			sourceTree = "<group>";
		};
		2CA7B49F28C68909002DB72F /* Tab Bar */ = {
			isa = PBXGroup;
			children = (
				2CA7B4A028C68996002DB72F /* TabBarController.swift */,
			);
			path = "Tab Bar";
			sourceTree = "<group>";
		};
		2CADD0BF28CFC60200E1493A /* Toolbar */ = {
			isa = PBXGroup;
			children = (
				2CADD0C028CFC64500E1493A /* GradientToolbar.swift */,
			);
			path = Toolbar;
			sourceTree = "<group>";
		};
		2CAE2C0328C919690067F1E3 /* Like */ = {
			isa = PBXGroup;
			children = (
				2CAE2C0728C91A6B0067F1E3 /* FavoritesVC.swift */,
			);
			path = Like;
			sourceTree = "<group>";
		};
		2CAE2C0428C919730067F1E3 /* Profile */ = {
			isa = PBXGroup;
			children = (
				2CAE2C0528C919D80067F1E3 /* ProfileVC.swift */,
			);
			path = Profile;
			sourceTree = "<group>";
		};
		2CB0231328C4E8A100686BAF = {
			isa = PBXGroup;
			children = (
				2CB0231E28C4E8A100686BAF /* MoMovie */,
				2CB0231D28C4E8A100686BAF /* Products */,
			);
			sourceTree = "<group>";
		};
		2CB0231D28C4E8A100686BAF /* Products */ = {
			isa = PBXGroup;
			children = (
				2CB0231C28C4E8A100686BAF /* MoMovie.app */,
			);
			name = Products;
			sourceTree = "<group>";
		};
		2CB0231E28C4E8A100686BAF /* MoMovie */ = {
			isa = PBXGroup;
			children = (
				2CB0231F28C4E8A100686BAF /* AppDelegate.swift */,
				2CB0232128C4E8A100686BAF /* SceneDelegate.swift */,
				2C6DEC8E28C5004100142B15 /* Launch */,
				2C6DEC8D28C5000100142B15 /* Home */,
				2CAE2C0328C919690067F1E3 /* Like */,
				2CAE2C0428C919730067F1E3 /* Profile */,
				2C6DEC9128C50D3C00142B15 /* Extensions */,
				2CADD0BF28CFC60200E1493A /* Toolbar */,
				2CA7B49F28C68909002DB72F /* Tab Bar */,
				2CB0232B28C4E8A800686BAF /* Assets.xcassets */,
				2CB0233028C4E8A800686BAF /* Info.plist */,
				2CB0232828C4E8A100686BAF /* MoMovie.xcdatamodeld */,
				2CAA265E28D2716B0036E23D /* APIKey.swift */,
			);
			path = MoMovie;
			sourceTree = "<group>";
		};
/* End PBXGroup section */

/* Begin PBXNativeTarget section */
		2CB0231B28C4E8A100686BAF /* MoMovie */ = {
			isa = PBXNativeTarget;
			buildConfigurationList = 2CB0233328C4E8A800686BAF /* Build configuration list for PBXNativeTarget "MoMovie" */;
			buildPhases = (
				2CB0231828C4E8A100686BAF /* Sources */,
				2CB0231928C4E8A100686BAF /* Frameworks */,
				2CB0231A28C4E8A100686BAF /* Resources */,
			);
			buildRules = (
			);
			dependencies = (
			);
			name = MoMovie;
			productName = MoMovie;
			productReference = 2CB0231C28C4E8A100686BAF /* MoMovie.app */;
			productType = "com.apple.product-type.application";
		};
/* End PBXNativeTarget section */

/* Begin PBXProject section */
		2CB0231428C4E8A100686BAF /* Project object */ = {
			isa = PBXProject;
			attributes = {
				BuildIndependentTargetsInParallel = 1;
				LastSwiftUpdateCheck = 1340;
				LastUpgradeCheck = 1340;
				TargetAttributes = {
					2CB0231B28C4E8A100686BAF = {
						CreatedOnToolsVersion = 13.4.1;
					};
				};
			};
			buildConfigurationList = 2CB0231728C4E8A100686BAF /* Build configuration list for PBXProject "MoMovie" */;
			compatibilityVersion = "Xcode 13.0";
			developmentRegion = en;
			hasScannedForEncodings = 0;
			knownRegions = (
				en,
				Base,
			);
			mainGroup = 2CB0231328C4E8A100686BAF;
			productRefGroup = 2CB0231D28C4E8A100686BAF /* Products */;
			projectDirPath = "";
			projectRoot = "";
			targets = (
				2CB0231B28C4E8A100686BAF /* MoMovie */,
			);
		};
/* End PBXProject section */

/* Begin PBXResourcesBuildPhase section */
		2CB0231A28C4E8A100686BAF /* Resources */ = {
			isa = PBXResourcesBuildPhase;
			buildActionMask = 2147483647;
			files = (
				2CB0232F28C4E8A800686BAF /* LaunchScreen.storyboard in Resources */,
				2CB0232C28C4E8A800686BAF /* Assets.xcassets in Resources */,
			);
			runOnlyForDeploymentPostprocessing = 0;
		};
/* End PBXResourcesBuildPhase section */

/* Begin PBXSourcesBuildPhase section */
		2CB0231828C4E8A100686BAF /* Sources */ = {
			isa = PBXSourcesBuildPhase;
			buildActionMask = 2147483647;
			files = (
				2CB0232A28C4E8A100686BAF /* MoMovie.xcdatamodeld in Sources */,
				2CB0232428C4E8A100686BAF /* HomeVC.swift in Sources */,
				2C6DEC9028C5007600142B15 /* AppLaunchVC.swift in Sources */,
				2CA7B4A128C68996002DB72F /* TabBarController.swift in Sources */,
				2C6DEC9928C5276F00142B15 /* UINavigationBarExtensions.swift in Sources */,
				2CAE2C0828C91A6B0067F1E3 /* FavoritesVC.swift in Sources */,
				2C6DEC9528C5116500142B15 /* Colors.swift in Sources */,
				2C6DEC9328C50D6300142B15 /* UIColorExtensions.swift in Sources */,
				2CAA265F28D2716B0036E23D /* APIKey.swift in Sources */,
				2CADD0C128CFC64500E1493A /* GradientToolbar.swift in Sources */,
				2CB0232028C4E8A100686BAF /* AppDelegate.swift in Sources */,
				2CB0232228C4E8A100686BAF /* SceneDelegate.swift in Sources */,
				2CAE2C0628C919D80067F1E3 /* ProfileVC.swift in Sources */,
				2C6DEC9728C5158C00142B15 /* LayoutExtensions.swift in Sources */,
			);
			runOnlyForDeploymentPostprocessing = 0;
		};
/* End PBXSourcesBuildPhase section */

/* Begin PBXVariantGroup section */
		2CB0232D28C4E8A800686BAF /* LaunchScreen.storyboard */ = {
			isa = PBXVariantGroup;
			children = (
				2CB0232E28C4E8A800686BAF /* Base */,
			);
			name = LaunchScreen.storyboard;
			sourceTree = "<group>";
		};
/* End PBXVariantGroup section */

/* Begin XCBuildConfiguration section */
		2CB0233128C4E8A800686BAF /* Debug */ = {
			isa = XCBuildConfiguration;
			buildSettings = {
				ALWAYS_SEARCH_USER_PATHS = NO;
				CLANG_ANALYZER_NONNULL = YES;
				CLANG_ANALYZER_NUMBER_OBJECT_CONVERSION = YES_AGGRESSIVE;
				CLANG_CXX_LANGUAGE_STANDARD = "gnu++17";
				CLANG_ENABLE_MODULES = YES;
				CLANG_ENABLE_OBJC_ARC = YES;
				CLANG_ENABLE_OBJC_WEAK = YES;
				CLANG_WARN_BLOCK_CAPTURE_AUTORELEASING = YES;
				CLANG_WARN_BOOL_CONVERSION = YES;
				CLANG_WARN_COMMA = YES;
				CLANG_WARN_CONSTANT_CONVERSION = YES;
				CLANG_WARN_DEPRECATED_OBJC_IMPLEMENTATIONS = YES;
				CLANG_WARN_DIRECT_OBJC_ISA_USAGE = YES_ERROR;
				CLANG_WARN_DOCUMENTATION_COMMENTS = YES;
				CLANG_WARN_EMPTY_BODY = YES;
				CLANG_WARN_ENUM_CONVERSION = YES;
				CLANG_WARN_INFINITE_RECURSION = YES;
				CLANG_WARN_INT_CONVERSION = YES;
				CLANG_WARN_NON_LITERAL_NULL_CONVERSION = YES;
				CLANG_WARN_OBJC_IMPLICIT_RETAIN_SELF = YES;
				CLANG_WARN_OBJC_LITERAL_CONVERSION = YES;
				CLANG_WARN_OBJC_ROOT_CLASS = YES_ERROR;
				CLANG_WARN_QUOTED_INCLUDE_IN_FRAMEWORK_HEADER = YES;
				CLANG_WARN_RANGE_LOOP_ANALYSIS = YES;
				CLANG_WARN_STRICT_PROTOTYPES = YES;
				CLANG_WARN_SUSPICIOUS_MOVE = YES;
				CLANG_WARN_UNGUARDED_AVAILABILITY = YES_AGGRESSIVE;
				CLANG_WARN_UNREACHABLE_CODE = YES;
				CLANG_WARN__DUPLICATE_METHOD_MATCH = YES;
				COPY_PHASE_STRIP = NO;
				DEBUG_INFORMATION_FORMAT = dwarf;
				ENABLE_STRICT_OBJC_MSGSEND = YES;
				ENABLE_TESTABILITY = YES;
				GCC_C_LANGUAGE_STANDARD = gnu11;
				GCC_DYNAMIC_NO_PIC = NO;
				GCC_NO_COMMON_BLOCKS = YES;
				GCC_OPTIMIZATION_LEVEL = 0;
				GCC_PREPROCESSOR_DEFINITIONS = (
					"DEBUG=1",
					"$(inherited)",
				);
				GCC_WARN_64_TO_32_BIT_CONVERSION = YES;
				GCC_WARN_ABOUT_RETURN_TYPE = YES_ERROR;
				GCC_WARN_UNDECLARED_SELECTOR = YES;
				GCC_WARN_UNINITIALIZED_AUTOS = YES_AGGRESSIVE;
				GCC_WARN_UNUSED_FUNCTION = YES;
				GCC_WARN_UNUSED_VARIABLE = YES;
				IPHONEOS_DEPLOYMENT_TARGET = 15.5;
				MTL_ENABLE_DEBUG_INFO = INCLUDE_SOURCE;
				MTL_FAST_MATH = YES;
				ONLY_ACTIVE_ARCH = YES;
				SDKROOT = iphoneos;
				SWIFT_ACTIVE_COMPILATION_CONDITIONS = DEBUG;
				SWIFT_OPTIMIZATION_LEVEL = "-Onone";
			};
			name = Debug;
		};
		2CB0233228C4E8A800686BAF /* Release */ = {
			isa = XCBuildConfiguration;
			buildSettings = {
				ALWAYS_SEARCH_USER_PATHS = NO;
				CLANG_ANALYZER_NONNULL = YES;
				CLANG_ANALYZER_NUMBER_OBJECT_CONVERSION = YES_AGGRESSIVE;
				CLANG_CXX_LANGUAGE_STANDARD = "gnu++17";
				CLANG_ENABLE_MODULES = YES;
				CLANG_ENABLE_OBJC_ARC = YES;
				CLANG_ENABLE_OBJC_WEAK = YES;
				CLANG_WARN_BLOCK_CAPTURE_AUTORELEASING = YES;
				CLANG_WARN_BOOL_CONVERSION = YES;
				CLANG_WARN_COMMA = YES;
				CLANG_WARN_CONSTANT_CONVERSION = YES;
				CLANG_WARN_DEPRECATED_OBJC_IMPLEMENTATIONS = YES;
				CLANG_WARN_DIRECT_OBJC_ISA_USAGE = YES_ERROR;
				CLANG_WARN_DOCUMENTATION_COMMENTS = YES;
				CLANG_WARN_EMPTY_BODY = YES;
				CLANG_WARN_ENUM_CONVERSION = YES;
				CLANG_WARN_INFINITE_RECURSION = YES;
				CLANG_WARN_INT_CONVERSION = YES;
				CLANG_WARN_NON_LITERAL_NULL_CONVERSION = YES;
				CLANG_WARN_OBJC_IMPLICIT_RETAIN_SELF = YES;
				CLANG_WARN_OBJC_LITERAL_CONVERSION = YES;
				CLANG_WARN_OBJC_ROOT_CLASS = YES_ERROR;
				CLANG_WARN_QUOTED_INCLUDE_IN_FRAMEWORK_HEADER = YES;
				CLANG_WARN_RANGE_LOOP_ANALYSIS = YES;
				CLANG_WARN_STRICT_PROTOTYPES = YES;
				CLANG_WARN_SUSPICIOUS_MOVE = YES;
				CLANG_WARN_UNGUARDED_AVAILABILITY = YES_AGGRESSIVE;
				CLANG_WARN_UNREACHABLE_CODE = YES;
				CLANG_WARN__DUPLICATE_METHOD_MATCH = YES;
				COPY_PHASE_STRIP = NO;
				DEBUG_INFORMATION_FORMAT = "dwarf-with-dsym";
				ENABLE_NS_ASSERTIONS = NO;
				ENABLE_STRICT_OBJC_MSGSEND = YES;
				GCC_C_LANGUAGE_STANDARD = gnu11;
				GCC_NO_COMMON_BLOCKS = YES;
				GCC_WARN_64_TO_32_BIT_CONVERSION = YES;
				GCC_WARN_ABOUT_RETURN_TYPE = YES_ERROR;
				GCC_WARN_UNDECLARED_SELECTOR = YES;
				GCC_WARN_UNINITIALIZED_AUTOS = YES_AGGRESSIVE;
				GCC_WARN_UNUSED_FUNCTION = YES;
				GCC_WARN_UNUSED_VARIABLE = YES;
				IPHONEOS_DEPLOYMENT_TARGET = 15.5;
				MTL_ENABLE_DEBUG_INFO = NO;
				MTL_FAST_MATH = YES;
				SDKROOT = iphoneos;
				SWIFT_COMPILATION_MODE = wholemodule;
				SWIFT_OPTIMIZATION_LEVEL = "-O";
				VALIDATE_PRODUCT = YES;
			};
			name = Release;
		};
		2CB0233428C4E8A800686BAF /* Debug */ = {
			isa = XCBuildConfiguration;
			buildSettings = {
				ASSETCATALOG_COMPILER_APPICON_NAME = AppIcon;
				ASSETCATALOG_COMPILER_GLOBAL_ACCENT_COLOR_NAME = AccentColor;
				CODE_SIGN_STYLE = Automatic;
				CURRENT_PROJECT_VERSION = 1;
				GENERATE_INFOPLIST_FILE = YES;
				INFOPLIST_FILE = MoMovie/Info.plist;
				INFOPLIST_KEY_UIApplicationSupportsIndirectInputEvents = YES;
				INFOPLIST_KEY_UILaunchStoryboardName = LaunchScreen;
				INFOPLIST_KEY_UISupportedInterfaceOrientations = UIInterfaceOrientationPortrait;
				INFOPLIST_KEY_UISupportedInterfaceOrientations_iPad = "UIInterfaceOrientationPortrait UIInterfaceOrientationPortraitUpsideDown UIInterfaceOrientationLandscapeLeft UIInterfaceOrientationLandscapeRight";
				INFOPLIST_KEY_UISupportedInterfaceOrientations_iPhone = "UIInterfaceOrientationPortrait UIInterfaceOrientationLandscapeLeft UIInterfaceOrientationLandscapeRight";
				IPHONEOS_DEPLOYMENT_TARGET = 14.0;
				LD_RUNPATH_SEARCH_PATHS = (
					"$(inherited)",
					"@executable_path/Frameworks",
				);
				MARKETING_VERSION = 1.0;
				PRODUCT_BUNDLE_IDENTIFIER = com.ms1.MoMovie;
				PRODUCT_NAME = "$(TARGET_NAME)";
				SWIFT_EMIT_LOC_STRINGS = YES;
				SWIFT_VERSION = 5.0;
				TARGETED_DEVICE_FAMILY = 1;
			};
			name = Debug;
		};
		2CB0233528C4E8A800686BAF /* Release */ = {
			isa = XCBuildConfiguration;
			buildSettings = {
				ASSETCATALOG_COMPILER_APPICON_NAME = AppIcon;
				ASSETCATALOG_COMPILER_GLOBAL_ACCENT_COLOR_NAME = AccentColor;
				CODE_SIGN_STYLE = Automatic;
				CURRENT_PROJECT_VERSION = 1;
				GENERATE_INFOPLIST_FILE = YES;
				INFOPLIST_FILE = MoMovie/Info.plist;
				INFOPLIST_KEY_UIApplicationSupportsIndirectInputEvents = YES;
				INFOPLIST_KEY_UILaunchStoryboardName = LaunchScreen;
				INFOPLIST_KEY_UISupportedInterfaceOrientations = UIInterfaceOrientationPortrait;
				INFOPLIST_KEY_UISupportedInterfaceOrientations_iPad = "UIInterfaceOrientationPortrait UIInterfaceOrientationPortraitUpsideDown UIInterfaceOrientationLandscapeLeft UIInterfaceOrientationLandscapeRight";
				INFOPLIST_KEY_UISupportedInterfaceOrientations_iPhone = "UIInterfaceOrientationPortrait UIInterfaceOrientationLandscapeLeft UIInterfaceOrientationLandscapeRight";
				IPHONEOS_DEPLOYMENT_TARGET = 14.0;
				LD_RUNPATH_SEARCH_PATHS = (
					"$(inherited)",
					"@executable_path/Frameworks",
				);
				MARKETING_VERSION = 1.0;
				PRODUCT_BUNDLE_IDENTIFIER = com.ms1.MoMovie;
				PRODUCT_NAME = "$(TARGET_NAME)";
				SWIFT_EMIT_LOC_STRINGS = YES;
				SWIFT_VERSION = 5.0;
				TARGETED_DEVICE_FAMILY = 1;
			};
			name = Release;
		};
/* End XCBuildConfiguration section */

/* Begin XCConfigurationList section */
		2CB0231728C4E8A100686BAF /* Build configuration list for PBXProject "MoMovie" */ = {
			isa = XCConfigurationList;
			buildConfigurations = (
				2CB0233128C4E8A800686BAF /* Debug */,
				2CB0233228C4E8A800686BAF /* Release */,
			);
			defaultConfigurationIsVisible = 0;
			defaultConfigurationName = Release;
		};
		2CB0233328C4E8A800686BAF /* Build configuration list for PBXNativeTarget "MoMovie" */ = {
			isa = XCConfigurationList;
			buildConfigurations = (
				2CB0233428C4E8A800686BAF /* Debug */,
				2CB0233528C4E8A800686BAF /* Release */,
			);
			defaultConfigurationIsVisible = 0;
			defaultConfigurationName = Release;
		};
/* End XCConfigurationList section */

/* Begin XCVersionGroup section */
		2CB0232828C4E8A100686BAF /* MoMovie.xcdatamodeld */ = {
			isa = XCVersionGroup;
			children = (
				2CB0232928C4E8A100686BAF /* MoMovie.xcdatamodel */,
			);
			currentVersion = 2CB0232928C4E8A100686BAF /* MoMovie.xcdatamodel */;
			path = MoMovie.xcdatamodeld;
			sourceTree = "<group>";
			versionGroupType = wrapper.xcdatamodel;
		};
/* End XCVersionGroup section */
	};
	rootObject = 2CB0231428C4E8A100686BAF /* Project object */;
}
